
Microsoft Visual Studio Solution File, Format Version 12.00
# Visual Studio Version 17
VisualStudioVersion = 17.1.31911.260
MinimumVisualStudioVersion = 10.0.40219.1
Project("{FAE04EC0-301F-11D3-BF4B-00C04F79EFBC}") = "Day9", "Day9\Day9.csproj", "{8B5097DD-0F77-4B54-BFC7-9BD709351AF6}"
EndProject
Global
	GlobalSection(SolutionConfigurationPlatforms) = preSolution
		Debug|Any CPU = Debug|Any CPU
		Release|Any CPU = Release|Any CPU
	EndGlobalSection
	GlobalSection(ProjectConfigurationPlatforms) = postSolution
		{8B5097DD-0F77-4B54-BFC7-9BD709351AF6}.Debug|Any CPU.ActiveCfg = Debug|Any CPU
		{8B5097DD-0F77-4B54-BFC7-9BD709351AF6}.Debug|Any CPU.Build.0 = Debug|Any CPU
		{8B5097DD-0F77-4B54-BFC7-9BD709351AF6}.Release|Any CPU.ActiveCfg = Release|Any CPU
		{8B5097DD-0F77-4B54-BFC7-9BD709351AF6}.Release|Any CPU.Build.0 = Release|Any CPU
	EndGlobalSection
	GlobalSection(SolutionProperties) = preSolution
		HideSolutionNode = FALSE
	EndGlobalSection
	GlobalSection(ExtensibilityGlobals) = postSolution
		SolutionGuid = {F0F193B6-262B-45A9-8BE5-ACF9890776CE}
	EndGlobalSection
EndGlobal
