
Microsoft Visual Studio Solution File, Format Version 12.00
# Visual Studio Version 17
VisualStudioVersion = 17.1.31911.260
MinimumVisualStudioVersion = 10.0.40219.1
Project("{FAE04EC0-301F-11D3-BF4B-00C04F79EFBC}") = "Day7", "Day7\Day7.csproj", "{B216D813-5041-4585-8608-8C87A7A8002C}"
EndProject
Global
	GlobalSection(SolutionConfigurationPlatforms) = preSolution
		Debug|Any CPU = Debug|Any CPU
		Release|Any CPU = Release|Any CPU
	EndGlobalSection
	GlobalSection(ProjectConfigurationPlatforms) = postSolution
		{B216D813-5041-4585-8608-8C87A7A8002C}.Debug|Any CPU.ActiveCfg = Debug|Any CPU
		{B216D813-5041-4585-8608-8C87A7A8002C}.Debug|Any CPU.Build.0 = Debug|Any CPU
		{B216D813-5041-4585-8608-8C87A7A8002C}.Release|Any CPU.ActiveCfg = Release|Any CPU
		{B216D813-5041-4585-8608-8C87A7A8002C}.Release|Any CPU.Build.0 = Release|Any CPU
	EndGlobalSection
	GlobalSection(SolutionProperties) = preSolution
		HideSolutionNode = FALSE
	EndGlobalSection
	GlobalSection(ExtensibilityGlobals) = postSolution
		SolutionGuid = {B0D965D7-4EAA-43C7-BB31-67EDDCDB10CB}
	EndGlobalSection
EndGlobal
